id: dca446db-06c1-4679-b746-af6202fa8ac0
name: Enable-BitLockerAutoUnlock
platform: Windows
commandPattern: Enable-BitLockerAutoUnlock -MountPoint "{driveLetter}:"
parameters:
- name: driveLetter
  label: Lettre du disque
  type: string
  defaultValue: D
  required: true
  description: Lettre du volume de données (PAS C:)
